// !$*UTF8*$!
{
	archiveVersion = 1;
	classes = {
	};
	objectVersion = 55;
	objects = {

/* Begin PBXBuildFile section */
		A82D3A8528F76334006203E2 /* LibraryItem.swift in Sources */ = {isa = PBXBuildFile; fileRef = A82D3A8428F76334006203E2 /* LibraryItem.swift */; };
		A82D3A8728F76A16006203E2 /* Launchscreen.storyboard in Resources */ = {isa = PBXBuildFile; fileRef = A82D3A8628F76A16006203E2 /* Launchscreen.storyboard */; };
		A843313128F3531D00A097F2 /* DancerMusicToolApp.swift in Sources */ = {isa = PBXBuildFile; fileRef = A843313028F3531D00A097F2 /* DancerMusicToolApp.swift */; };
		A843313328F3531D00A097F2 /* ContentView.swift in Sources */ = {isa = PBXBuildFile; fileRef = A843313228F3531D00A097F2 /* ContentView.swift */; };
		A843313528F3531D00A097F2 /* Assets.xcassets in Resources */ = {isa = PBXBuildFile; fileRef = A843313428F3531D00A097F2 /* Assets.xcassets */; };
		A843313828F3531D00A097F2 /* Preview Assets.xcassets in Resources */ = {isa = PBXBuildFile; fileRef = A843313728F3531D00A097F2 /* Preview Assets.xcassets */; };
		A843314028F35E9300A097F2 /* LibraryListView.swift in Sources */ = {isa = PBXBuildFile; fileRef = A843313F28F35E9300A097F2 /* LibraryListView.swift */; };
		A843314428F3629100A097F2 /* LibraryListRow.swift in Sources */ = {isa = PBXBuildFile; fileRef = A843314328F3629100A097F2 /* LibraryListRow.swift */; };
/* End PBXBuildFile section */

/* Begin PBXFileReference section */
		A82D3A8428F76334006203E2 /* LibraryItem.swift */ = {isa = PBXFileReference; lastKnownFileType = sourcecode.swift; path = LibraryItem.swift; sourceTree = "<group>"; };
		A82D3A8628F76A16006203E2 /* Launchscreen.storyboard */ = {isa = PBXFileReference; lastKnownFileType = file.storyboard; path = Launchscreen.storyboard; sourceTree = "<group>"; };
		A843312D28F3531D00A097F2 /* DancerMusicTool.app */ = {isa = PBXFileReference; explicitFileType = wrapper.application; includeInIndex = 0; path = DancerMusicTool.app; sourceTree = BUILT_PRODUCTS_DIR; };
		A843313028F3531D00A097F2 /* DancerMusicToolApp.swift */ = {isa = PBXFileReference; lastKnownFileType = sourcecode.swift; path = DancerMusicToolApp.swift; sourceTree = "<group>"; };
		A843313228F3531D00A097F2 /* ContentView.swift */ = {isa = PBXFileReference; lastKnownFileType = sourcecode.swift; path = ContentView.swift; sourceTree = "<group>"; };
		A843313428F3531D00A097F2 /* Assets.xcassets */ = {isa = PBXFileReference; lastKnownFileType = folder.assetcatalog; path = Assets.xcassets; sourceTree = "<group>"; };
		A843313728F3531D00A097F2 /* Preview Assets.xcassets */ = {isa = PBXFileReference; lastKnownFileType = folder.assetcatalog; path = "Preview Assets.xcassets"; sourceTree = "<group>"; };
		A843313928F3531D00A097F2 /* DancerMusicTool.entitlements */ = {isa = PBXFileReference; lastKnownFileType = text.plist.entitlements; path = DancerMusicTool.entitlements; sourceTree = "<group>"; };
		A843313F28F35E9300A097F2 /* LibraryListView.swift */ = {isa = PBXFileReference; lastKnownFileType = sourcecode.swift; path = LibraryListView.swift; sourceTree = "<group>"; };
		A843314328F3629100A097F2 /* LibraryListRow.swift */ = {isa = PBXFileReference; lastKnownFileType = sourcecode.swift; path = LibraryListRow.swift; sourceTree = "<group>"; };
/* End PBXFileReference section */

/* Begin PBXFrameworksBuildPhase section */
		A843312A28F3531D00A097F2 /* Frameworks */ = {
			isa = PBXFrameworksBuildPhase;
			buildActionMask = 2147483647;
			files = (
			);
			runOnlyForDeploymentPostprocessing = 0;
		};
/* End PBXFrameworksBuildPhase section */

/* Begin PBXGroup section */
		A843312428F3531D00A097F2 = {
			isa = PBXGroup;
			children = (
				A82D3A8628F76A16006203E2 /* Launchscreen.storyboard */,
				A843312F28F3531D00A097F2 /* DancerMusicTool */,
				A843312E28F3531D00A097F2 /* Products */,
			);
			sourceTree = "<group>";
		};
		A843312E28F3531D00A097F2 /* Products */ = {
			isa = PBXGroup;
			children = (
				A843312D28F3531D00A097F2 /* DancerMusicTool.app */,
			);
			name = Products;
			sourceTree = "<group>";
		};
		A843312F28F3531D00A097F2 /* DancerMusicTool */ = {
			isa = PBXGroup;
			children = (
				A843314128F3620F00A097F2 /* Library */,
				A843313028F3531D00A097F2 /* DancerMusicToolApp.swift */,
				A843313228F3531D00A097F2 /* ContentView.swift */,
				A843313428F3531D00A097F2 /* Assets.xcassets */,
				A843313928F3531D00A097F2 /* DancerMusicTool.entitlements */,
				A843313628F3531D00A097F2 /* Preview Content */,
			);
			path = DancerMusicTool;
			sourceTree = "<group>";
		};
		A843313628F3531D00A097F2 /* Preview Content */ = {
			isa = PBXGroup;
			children = (
				A843313728F3531D00A097F2 /* Preview Assets.xcassets */,
			);
			path = "Preview Content";
			sourceTree = "<group>";
		};
		A843314128F3620F00A097F2 /* Library */ = {
			isa = PBXGroup;
			children = (
				A843314228F3621600A097F2 /* View */,
				A843314528F3629C00A097F2 /* Entities */,
			);
			path = Library;
			sourceTree = "<group>";
		};
		A843314228F3621600A097F2 /* View */ = {
			isa = PBXGroup;
			children = (
				A843313F28F35E9300A097F2 /* LibraryListView.swift */,
				A843314328F3629100A097F2 /* LibraryListRow.swift */,
			);
			path = View;
			sourceTree = "<group>";
		};
		A843314528F3629C00A097F2 /* Entities */ = {
			isa = PBXGroup;
			children = (
				A82D3A8428F76334006203E2 /* LibraryItem.swift */,
			);
			path = Entities;
			sourceTree = "<group>";
		};
/* End PBXGroup section */

/* Begin PBXNativeTarget section */
		A843312C28F3531D00A097F2 /* DancerMusicTool */ = {
			isa = PBXNativeTarget;
			buildConfigurationList = A843313C28F3531D00A097F2 /* Build configuration list for PBXNativeTarget "DancerMusicTool" */;
			buildPhases = (
				A843312928F3531D00A097F2 /* Sources */,
				A843312A28F3531D00A097F2 /* Frameworks */,
				A843312B28F3531D00A097F2 /* Resources */,
			);
			buildRules = (
			);
			dependencies = (
			);
			name = DancerMusicTool;
			productName = DancerMusicTool;
			productReference = A843312D28F3531D00A097F2 /* DancerMusicTool.app */;
			productType = "com.apple.product-type.application";
		};
/* End PBXNativeTarget section */

/* Begin PBXProject section */
		A843312528F3531D00A097F2 /* Project object */ = {
			isa = PBXProject;
			attributes = {
				BuildIndependentTargetsInParallel = 1;
				LastSwiftUpdateCheck = 1340;
				LastUpgradeCheck = 1340;
				TargetAttributes = {
					A843312C28F3531D00A097F2 = {
						CreatedOnToolsVersion = 13.4.1;
					};
				};
			};
			buildConfigurationList = A843312828F3531D00A097F2 /* Build configuration list for PBXProject "DancerMusicTool" */;
			compatibilityVersion = "Xcode 13.0";
			developmentRegion = en;
			hasScannedForEncodings = 0;
			knownRegions = (
				en,
				Base,
			);
			mainGroup = A843312428F3531D00A097F2;
			productRefGroup = A843312E28F3531D00A097F2 /* Products */;
			projectDirPath = "";
			projectRoot = "";
			targets = (
				A843312C28F3531D00A097F2 /* DancerMusicTool */,
			);
		};
/* End PBXProject section */

/* Begin PBXResourcesBuildPhase section */
		A843312B28F3531D00A097F2 /* Resources */ = {
			isa = PBXResourcesBuildPhase;
			buildActionMask = 2147483647;
			files = (
				A82D3A8728F76A16006203E2 /* Launchscreen.storyboard in Resources */,
				A843313828F3531D00A097F2 /* Preview Assets.xcassets in Resources */,
				A843313528F3531D00A097F2 /* Assets.xcassets in Resources */,
			);
			runOnlyForDeploymentPostprocessing = 0;
		};
/* End PBXResourcesBuildPhase section */

/* Begin PBXSourcesBuildPhase section */
		A843312928F3531D00A097F2 /* Sources */ = {
			isa = PBXSourcesBuildPhase;
			buildActionMask = 2147483647;
			files = (
				A82D3A8528F76334006203E2 /* LibraryItem.swift in Sources */,
				A843314428F3629100A097F2 /* LibraryListRow.swift in Sources */,
				A843313328F3531D00A097F2 /* ContentView.swift in Sources */,
				A843314028F35E9300A097F2 /* LibraryListView.swift in Sources */,
				A843313128F3531D00A097F2 /* DancerMusicToolApp.swift in Sources */,
			);
			runOnlyForDeploymentPostprocessing = 0;
		};
/* End PBXSourcesBuildPhase section */

/* Begin XCBuildConfiguration section */
		A843313A28F3531D00A097F2 /* Debug */ = {
			isa = XCBuildConfiguration;
			buildSettings = {
				ALWAYS_SEARCH_USER_PATHS = NO;
				CLANG_ANALYZER_NONNULL = YES;
				CLANG_ANALYZER_NUMBER_OBJECT_CONVERSION = YES_AGGRESSIVE;
				CLANG_CXX_LANGUAGE_STANDARD = "gnu++17";
				CLANG_ENABLE_MODULES = YES;
				CLANG_ENABLE_OBJC_ARC = YES;
				CLANG_ENABLE_OBJC_WEAK = YES;
				CLANG_WARN_BLOCK_CAPTURE_AUTORELEASING = YES;
				CLANG_WARN_BOOL_CONVERSION = YES;
				CLANG_WARN_COMMA = YES;
				CLANG_WARN_CONSTANT_CONVERSION = YES;
				CLANG_WARN_DEPRECATED_OBJC_IMPLEMENTATIONS = YES;
				CLANG_WARN_DIRECT_OBJC_ISA_USAGE = YES_ERROR;
				CLANG_WARN_DOCUMENTATION_COMMENTS = YES;
				CLANG_WARN_EMPTY_BODY = YES;
				CLANG_WARN_ENUM_CONVERSION = YES;
				CLANG_WARN_INFINITE_RECURSION = YES;
				CLANG_WARN_INT_CONVERSION = YES;
				CLANG_WARN_NON_LITERAL_NULL_CONVERSION = YES;
				CLANG_WARN_OBJC_IMPLICIT_RETAIN_SELF = YES;
				CLANG_WARN_OBJC_LITERAL_CONVERSION = YES;
				CLANG_WARN_OBJC_ROOT_CLASS = YES_ERROR;
				CLANG_WARN_QUOTED_INCLUDE_IN_FRAMEWORK_HEADER = YES;
				CLANG_WARN_RANGE_LOOP_ANALYSIS = YES;
				CLANG_WARN_STRICT_PROTOTYPES = YES;
				CLANG_WARN_SUSPICIOUS_MOVE = YES;
				CLANG_WARN_UNGUARDED_AVAILABILITY = YES_AGGRESSIVE;
				CLANG_WARN_UNREACHABLE_CODE = YES;
				CLANG_WARN__DUPLICATE_METHOD_MATCH = YES;
				COPY_PHASE_STRIP = NO;
				DEBUG_INFORMATION_FORMAT = dwarf;
				ENABLE_STRICT_OBJC_MSGSEND = YES;
				ENABLE_TESTABILITY = YES;
				GCC_C_LANGUAGE_STANDARD = gnu11;
				GCC_DYNAMIC_NO_PIC = NO;
				GCC_NO_COMMON_BLOCKS = YES;
				GCC_OPTIMIZATION_LEVEL = 0;
				GCC_PREPROCESSOR_DEFINITIONS = (
					"DEBUG=1",
					"$(inherited)",
				);
				GCC_WARN_64_TO_32_BIT_CONVERSION = YES;
				GCC_WARN_ABOUT_RETURN_TYPE = YES_ERROR;
				GCC_WARN_UNDECLARED_SELECTOR = YES;
				GCC_WARN_UNINITIALIZED_AUTOS = YES_AGGRESSIVE;
				GCC_WARN_UNUSED_FUNCTION = YES;
				GCC_WARN_UNUSED_VARIABLE = YES;
				MACOSX_DEPLOYMENT_TARGET = 12.3;
				MTL_ENABLE_DEBUG_INFO = INCLUDE_SOURCE;
				MTL_FAST_MATH = YES;
				ONLY_ACTIVE_ARCH = YES;
				SDKROOT = iphoneos;
				SWIFT_ACTIVE_COMPILATION_CONDITIONS = DEBUG;
				SWIFT_OPTIMIZATION_LEVEL = "-Onone";
			};
			name = Debug;
		};
		A843313B28F3531D00A097F2 /* Release */ = {
			isa = XCBuildConfiguration;
			buildSettings = {
				ALWAYS_SEARCH_USER_PATHS = NO;
				CLANG_ANALYZER_NONNULL = YES;
				CLANG_ANALYZER_NUMBER_OBJECT_CONVERSION = YES_AGGRESSIVE;
				CLANG_CXX_LANGUAGE_STANDARD = "gnu++17";
				CLANG_ENABLE_MODULES = YES;
				CLANG_ENABLE_OBJC_ARC = YES;
				CLANG_ENABLE_OBJC_WEAK = YES;
				CLANG_WARN_BLOCK_CAPTURE_AUTORELEASING = YES;
				CLANG_WARN_BOOL_CONVERSION = YES;
				CLANG_WARN_COMMA = YES;
				CLANG_WARN_CONSTANT_CONVERSION = YES;
				CLANG_WARN_DEPRECATED_OBJC_IMPLEMENTATIONS = YES;
				CLANG_WARN_DIRECT_OBJC_ISA_USAGE = YES_ERROR;
				CLANG_WARN_DOCUMENTATION_COMMENTS = YES;
				CLANG_WARN_EMPTY_BODY = YES;
				CLANG_WARN_ENUM_CONVERSION = YES;
				CLANG_WARN_INFINITE_RECURSION = YES;
				CLANG_WARN_INT_CONVERSION = YES;
				CLANG_WARN_NON_LITERAL_NULL_CONVERSION = YES;
				CLANG_WARN_OBJC_IMPLICIT_RETAIN_SELF = YES;
				CLANG_WARN_OBJC_LITERAL_CONVERSION = YES;
				CLANG_WARN_OBJC_ROOT_CLASS = YES_ERROR;
				CLANG_WARN_QUOTED_INCLUDE_IN_FRAMEWORK_HEADER = YES;
				CLANG_WARN_RANGE_LOOP_ANALYSIS = YES;
				CLANG_WARN_STRICT_PROTOTYPES = YES;
				CLANG_WARN_SUSPICIOUS_MOVE = YES;
				CLANG_WARN_UNGUARDED_AVAILABILITY = YES_AGGRESSIVE;
				CLANG_WARN_UNREACHABLE_CODE = YES;
				CLANG_WARN__DUPLICATE_METHOD_MATCH = YES;
				COPY_PHASE_STRIP = NO;
				DEBUG_INFORMATION_FORMAT = "dwarf-with-dsym";
				ENABLE_NS_ASSERTIONS = NO;
				ENABLE_STRICT_OBJC_MSGSEND = YES;
				GCC_C_LANGUAGE_STANDARD = gnu11;
				GCC_NO_COMMON_BLOCKS = YES;
				GCC_WARN_64_TO_32_BIT_CONVERSION = YES;
				GCC_WARN_ABOUT_RETURN_TYPE = YES_ERROR;
				GCC_WARN_UNDECLARED_SELECTOR = YES;
				GCC_WARN_UNINITIALIZED_AUTOS = YES_AGGRESSIVE;
				GCC_WARN_UNUSED_FUNCTION = YES;
				GCC_WARN_UNUSED_VARIABLE = YES;
				MACOSX_DEPLOYMENT_TARGET = 12.3;
				MTL_ENABLE_DEBUG_INFO = NO;
				MTL_FAST_MATH = YES;
				SDKROOT = iphoneos;
				SWIFT_COMPILATION_MODE = wholemodule;
				SWIFT_OPTIMIZATION_LEVEL = "-O";
			};
			name = Release;
		};
		A843313D28F3531D00A097F2 /* Debug */ = {
			isa = XCBuildConfiguration;
			buildSettings = {
				ASSETCATALOG_COMPILER_APPICON_NAME = AppIcon;
				ASSETCATALOG_COMPILER_GLOBAL_ACCENT_COLOR_NAME = AccentColor;
				CODE_SIGN_ENTITLEMENTS = DancerMusicTool/DancerMusicTool.entitlements;
				CODE_SIGN_STYLE = Automatic;
				COMBINE_HIDPI_IMAGES = YES;
				CURRENT_PROJECT_VERSION = 1;
				DEVELOPMENT_ASSET_PATHS = "\"DancerMusicTool/Preview Content\"";
				DEVELOPMENT_TEAM = F45VGYP5T2;
				ENABLE_HARDENED_RUNTIME = YES;
				ENABLE_PREVIEWS = YES;
				GENERATE_INFOPLIST_FILE = YES;
				INFOPLIST_KEY_NSHumanReadableCopyright = "";
				INFOPLIST_KEY_UILaunchStoryboardName = Launchscreen.storyboard;
				INFOPLIST_KEY_UISupportedInterfaceOrientations = UIInterfaceOrientationPortrait;
				LD_RUNPATH_SEARCH_PATHS = (
					"$(inherited)",
					"@executable_path/../Frameworks",
				);
				MARKETING_VERSION = 1.0;
				PRODUCT_BUNDLE_IDENTIFIER = com.olwastd.DancerMusicTool;
				PRODUCT_NAME = "$(TARGET_NAME)";
				SUPPORTED_PLATFORMS = "iphoneos iphonesimulator";
				SUPPORTS_MACCATALYST = NO;
				SUPPORTS_MAC_DESIGNED_FOR_IPHONE_IPAD = NO;
				SWIFT_EMIT_LOC_STRINGS = YES;
				SWIFT_VERSION = 5.0;
				TARGETED_DEVICE_FAMILY = 1;
			};
			name = Debug;
		};
		A843313E28F3531D00A097F2 /* Release */ = {
			isa = XCBuildConfiguration;
			buildSettings = {
				ASSETCATALOG_COMPILER_APPICON_NAME = AppIcon;
				ASSETCATALOG_COMPILER_GLOBAL_ACCENT_COLOR_NAME = AccentColor;
				CODE_SIGN_ENTITLEMENTS = DancerMusicTool/DancerMusicTool.entitlements;
				CODE_SIGN_STYLE = Automatic;
				COMBINE_HIDPI_IMAGES = YES;
				CURRENT_PROJECT_VERSION = 1;
				DEVELOPMENT_ASSET_PATHS = "\"DancerMusicTool/Preview Content\"";
				DEVELOPMENT_TEAM = F45VGYP5T2;
				ENABLE_HARDENED_RUNTIME = YES;
				ENABLE_PREVIEWS = YES;
				GENERATE_INFOPLIST_FILE = YES;
				INFOPLIST_KEY_NSHumanReadableCopyright = "";
				INFOPLIST_KEY_UILaunchStoryboardName = Launchscreen.storyboard;
				INFOPLIST_KEY_UISupportedInterfaceOrientations = UIInterfaceOrientationPortrait;
				LD_RUNPATH_SEARCH_PATHS = (
					"$(inherited)",
					"@executable_path/../Frameworks",
				);
				MARKETING_VERSION = 1.0;
				PRODUCT_BUNDLE_IDENTIFIER = com.olwastd.DancerMusicTool;
				PRODUCT_NAME = "$(TARGET_NAME)";
				SUPPORTED_PLATFORMS = "iphoneos iphonesimulator";
				SUPPORTS_MACCATALYST = NO;
				SUPPORTS_MAC_DESIGNED_FOR_IPHONE_IPAD = NO;
				SWIFT_EMIT_LOC_STRINGS = YES;
				SWIFT_VERSION = 5.0;
				TARGETED_DEVICE_FAMILY = 1;
			};
			name = Release;
		};
/* End XCBuildConfiguration section */

/* Begin XCConfigurationList section */
		A843312828F3531D00A097F2 /* Build configuration list for PBXProject "DancerMusicTool" */ = {
			isa = XCConfigurationList;
			buildConfigurations = (
				A843313A28F3531D00A097F2 /* Debug */,
				A843313B28F3531D00A097F2 /* Release */,
			);
			defaultConfigurationIsVisible = 0;
			defaultConfigurationName = Release;
		};
		A843313C28F3531D00A097F2 /* Build configuration list for PBXNativeTarget "DancerMusicTool" */ = {
			isa = XCConfigurationList;
			buildConfigurations = (
				A843313D28F3531D00A097F2 /* Debug */,
				A843313E28F3531D00A097F2 /* Release */,
			);
			defaultConfigurationIsVisible = 0;
			defaultConfigurationName = Release;
		};
/* End XCConfigurationList section */
	};
	rootObject = A843312528F3531D00A097F2 /* Project object */;
}
